{
  "name": "dd_robot",
  "version": "1.0.0",
  "lockfileVersion": 1,
  "requires": true,
  "dependencies": {
    "nanoid": {
      "version": "1.2.0",
      "resolved": "http://registry.npm.taobao.org/nanoid/download/nanoid-1.2.0.tgz",
      "integrity": "sha1-4sTfpFwr7ZldAhSq4VfOUFLPyx0="
    },
    "pm2": {
      "version": "3.0.3",
      "resolved": "http://registry.npm.taobao.org/pm2/download/pm2-3.0.3.tgz",
      "dev": true,
      "dependencies": {
        "@pm2/agent": {
          "version": "http://registry.npm.taobao.org/@pm2/agent/download/@pm2/agent-0.5.13.tgz",
          "bundled": true,
          "dependencies": {
            "async": {
              "version": "http://registry.npm.taobao.org/async/download/async-2.6.1.tgz",
              "bundled": true
            },
            "eventemitter2": {
              "version": "http://registry.npm.taobao.org/eventemitter2/download/eventemitter2-5.0.1.tgz",
              "bundled": true
            },
            "fclone": {
              "version": "http://registry.npm.taobao.org/fclone/download/fclone-1.0.11.tgz",
              "bundled": true
            },
            "handy-http": {
              "version": "http://registry.npm.taobao.org/handy-http/download/handy-http-1.0.2.tgz",
              "bundled": true
            },
            "moment": {
              "version": "http://registry.npm.taobao.org/moment/download/moment-2.22.2.tgz",
              "bundled": true
            },
            "nssocket": {
              "version": "http://registry.npm.taobao.org/nssocket/download/nssocket-0.6.0.tgz",
              "bundled": true
            },
            "pm2-axon": {
              "version": "http://registry.npm.taobao.org/pm2-axon/download/pm2-axon-3.3.0.tgz",
              "bundled": true
            },
            "pm2-axon-rpc": {
              "version": "http://registry.npm.taobao.org/pm2-axon-rpc/download/pm2-axon-rpc-0.5.1.tgz",
              "bundled": true,
              "dependencies": {
                "debug": {
                  "version": "http://registry.npm.taobao.org/debug/download/debug-3.1.0.tgz",
                  "bundled": true,
                  "dependencies": {
                    "ms": {
                      "version": "http://registry.npm.taobao.org/ms/download/ms-2.0.0.tgz",
                      "bundled": true
                    }
                  }
                }
              }
            },
            "semver": {
              "version": "http://registry.npm.taobao.org/semver/download/semver-5.5.0.tgz",
              "bundled": true
            },
            "ws": {
              "version": "http://registry.npm.taobao.org/ws/download/ws-5.2.2.tgz",
              "bundled": true
            }
          }
        },
        "@pm2/io": {
          "version": "http://registry.npm.taobao.org/@pm2/io/download/@pm2/io-2.1.3.tgz",
          "bundled": true,
          "dependencies": {
            "async": {
              "version": "http://registry.npm.taobao.org/async/download/async-2.6.1.tgz",
              "bundled": true,
              "dependencies": {
                "lodash": {
                  "version": "http://registry.npm.taobao.org/lodash/download/lodash-4.17.10.tgz"
                }
              }
            },
            "debug": {
              "version": "http://registry.npm.taobao.org/debug/download/debug-3.1.0.tgz",
              "bundled": true
            },
            "deep-metrics": {
              "version": "http://registry.npm.taobao.org/deep-metrics/download/deep-metrics-0.0.2.tgz",
              "bundled": true
            },
            "deepmerge": {
              "version": "http://registry.npm.taobao.org/deepmerge/download/deepmerge-2.1.1.tgz",
              "bundled": true
            },
            "event-loop-inspector": {
              "version": "http://registry.npm.taobao.org/event-loop-inspector/download/event-loop-inspector-1.0.1.tgz",
              "bundled": true
            },
            "json-stringify-safe": {
              "version": "http://registry.npm.taobao.org/json-stringify-safe/download/json-stringify-safe-5.0.1.tgz",
              "bundled": true
            },
            "semver": {
              "version": "http://registry.npm.taobao.org/semver/download/semver-5.5.0.tgz",
              "bundled": true
            },
            "signal-exit": {
              "version": "http://registry.npm.taobao.org/signal-exit/download/signal-exit-3.0.2.tgz",
              "bundled": true
            },
            "tslib": {
              "version": "http://registry.npm.taobao.org/tslib/download/tslib-1.9.3.tgz",
              "bundled": true
            },
            "vxx": {
              "version": "http://registry.npm.taobao.org/vxx/download/vxx-1.2.2.tgz",
              "bundled": true
            }
          }
        },
        "@pm2/js-api": {
          "version": "http://registry.npm.taobao.org/@pm2/js-api/download/@pm2/js-api-0.5.24.tgz",
          "bundled": true,
          "dependencies": {
            "async": {
              "version": "http://registry.npm.taobao.org/async/download/async-2.6.1.tgz",
              "bundled": true,
              "dependencies": {
                "lodash": {
                  "version": "http://registry.npm.taobao.org/lodash/download/lodash-4.17.10.tgz"
                }
              }
            },
            "axios": {
              "version": "http://registry.npm.taobao.org/axios/download/axios-0.16.2.tgz",
              "bundled": true
            },
            "debug": {
              "version": "http://registry.npm.taobao.org/debug/download/debug-2.6.9.tgz",
              "bundled": true,
              "dependencies": {
                "ms": {
                  "version": "http://registry.npm.taobao.org/ms/download/ms-2.0.0.tgz"
                }
              }
            },
            "eventemitter2": {
              "version": "http://registry.npm.taobao.org/eventemitter2/download/eventemitter2-4.1.2.tgz",
              "bundled": true
            },
            "ws": {
              "version": "http://registry.npm.taobao.org/ws/download/ws-3.3.3.tgz",
              "bundled": true
            }
          }
        },
        "async": {
          "version": "http://registry.npm.taobao.org/async/download/async-2.6.1.tgz",
          "bundled": true,
          "dependencies": {
            "lodash": {
              "version": "http://registry.npm.taobao.org/lodash/download/lodash-4.17.10.tgz"
            }
          }
        },
        "blessed": {
          "version": "http://registry.npm.taobao.org/blessed/download/blessed-0.1.81.tgz",
          "bundled": true
        },
        "chalk": {
          "version": "http://registry.npm.taobao.org/chalk/download/chalk-2.4.1.tgz",
          "bundled": true
        },
        "chokidar": {
          "version": "http://registry.npm.taobao.org/chokidar/download/chokidar-2.0.4.tgz",
          "bundled": true,
          "dependencies": {
            "anymatch": {
              "version": "http://registry.npm.taobao.org/anymatch/download/anymatch-2.0.0.tgz",
              "dependencies": {
                "micromatch": {
                  "version": "http://registry.npm.taobao.org/micromatch/download/micromatch-3.1.10.tgz",
                  "bundled": true
                },
                "normalize-path": {
                  "version": "http://registry.npm.taobao.org/normalize-path/download/normalize-path-2.1.1.tgz",
                  "bundled": true
                }
              }
            },
            "async-each": {
              "version": "http://registry.npm.taobao.org/async-each/download/async-each-1.0.1.tgz"
            },
            "braces": {
              "version": "http://registry.npm.taobao.org/braces/download/braces-2.3.2.tgz",
              "dependencies": {
                "arr-flatten": {
                  "version": "http://registry.npm.taobao.org/arr-flatten/download/arr-flatten-1.1.0.tgz",
                  "bundled": true
                },
                "array-unique": {
                  "version": "http://registry.npm.taobao.org/array-unique/download/array-unique-0.3.2.tgz",
                  "bundled": true
                },
                "extend-shallow": {
                  "version": "http://registry.npm.taobao.org/extend-shallow/download/extend-shallow-2.0.1.tgz",
                  "bundled": true,
                  "dependencies": {
                    "is-extendable": {
                      "version": "http://registry.npm.taobao.org/is-extendable/download/is-extendable-0.1.1.tgz"
                    }
                  }
                },
                "fill-range": {
                  "version": "http://registry.npm.taobao.org/fill-range/download/fill-range-4.0.0.tgz",
                  "bundled": true
                },
                "isobject": {
                  "version": "http://registry.npm.taobao.org/isobject/download/isobject-3.0.1.tgz",
                  "bundled": true
                },
                "repeat-element": {
                  "version": "http://registry.npm.taobao.org/repeat-element/download/repeat-element-1.1.2.tgz",
                  "bundled": true
                },
                "snapdragon": {
                  "version": "http://registry.npm.taobao.org/snapdragon/download/snapdragon-0.8.2.tgz",
                  "bundled": true
                },
                "snapdragon-node": {
                  "version": "http://registry.npm.taobao.org/snapdragon-node/download/snapdragon-node-2.1.1.tgz",
                  "bundled": true
                },
                "split-string": {
                  "version": "http://registry.npm.taobao.org/split-string/download/split-string-3.1.0.tgz",
                  "bundled": true,
                  "dependencies": {
                    "extend-shallow": {
                      "version": "http://registry.npm.taobao.org/extend-shallow/download/extend-shallow-3.0.2.tgz",
                      "dependencies": {
                        "assign-symbols": {
                          "version": "http://registry.npm.taobao.org/assign-symbols/download/assign-symbols-1.0.0.tgz"
                        },
                        "is-extendable": {
                          "version": "http://registry.npm.taobao.org/is-extendable/download/is-extendable-1.0.1.tgz"
                        }
                      }
                    }
                  }
                },
                "to-regex": {
                  "version": "http://registry.npm.taobao.org/to-regex/download/to-regex-3.0.2.tgz",
                  "bundled": true
                }
              }
            },
            "fsevents": {
              "version": "http://registry.npm.taobao.org/fsevents/download/fsevents-1.2.4.tgz"
            },
            "glob-parent": {
              "version": "http://registry.npm.taobao.org/glob-parent/download/glob-parent-3.1.0.tgz"
            },
            "inherits": {
              "version": "http://registry.npm.taobao.org/inherits/download/inherits-2.0.3.tgz"
            },
            "is-binary-path": {
              "version": "http://registry.npm.taobao.org/is-binary-path/download/is-binary-path-1.0.1.tgz"
            },
            "is-glob": {
              "version": "http://registry.npm.taobao.org/is-glob/download/is-glob-4.0.0.tgz"
            },
            "lodash.debounce": {
              "version": "http://registry.npm.taobao.org/lodash.debounce/download/lodash.debounce-4.0.8.tgz"
            },
            "normalize-path": {
              "version": "http://registry.npm.taobao.org/normalize-path/download/normalize-path-2.1.1.tgz",
              "dependencies": {
                "remove-trailing-separator": {
                  "version": "http://registry.npm.taobao.org/remove-trailing-separator/download/remove-trailing-separator-1.1.0.tgz"
                }
              }
            },
            "path-is-absolute": {
              "version": "http://registry.npm.taobao.org/path-is-absolute/download/path-is-absolute-1.0.1.tgz"
            },
            "readdirp": {
              "version": "http://registry.npm.taobao.org/readdirp/download/readdirp-2.1.0.tgz"
            },
            "upath": {
              "version": "http://registry.npm.taobao.org/upath/download/upath-1.1.0.tgz"
            }
          }
        },
        "cli-table-redemption": {
          "version": "http://registry.npm.taobao.org/cli-table-redemption/download/cli-table-redemption-1.0.1.tgz",
          "bundled": true
        },
        "commander": {
          "version": "http://registry.npm.taobao.org/commander/download/commander-2.15.1.tgz",
          "bundled": true
        },
        "cron": {
          "version": "http://registry.npm.taobao.org/cron/download/cron-1.3.0.tgz",
          "bundled": true
        },
        "debug": {
          "version": "http://registry.npm.taobao.org/debug/download/debug-3.1.0.tgz",
          "bundled": true,
          "dependencies": {
            "ms": {
              "version": "http://registry.npm.taobao.org/ms/download/ms-2.0.0.tgz",
              "bundled": true
            }
          }
        },
        "eventemitter2": {
          "version": "http://registry.npm.taobao.org/eventemitter2/download/eventemitter2-5.0.1.tgz",
          "bundled": true
        },
        "fclone": {
          "version": "http://registry.npm.taobao.org/fclone/download/fclone-1.0.11.tgz",
          "bundled": true
        },
        "gkt": {
          "version": "https://tgz.pm2.io/gkt-1.0.0.tgz",
          "bundled": true
        },
        "mkdirp": {
          "version": "http://registry.npm.taobao.org/mkdirp/download/mkdirp-0.5.1.tgz",
          "bundled": true
        },
        "moment": {
          "version": "http://registry.npm.taobao.org/moment/download/moment-2.22.2.tgz",
          "bundled": true
        },
        "needle": {
          "version": "http://registry.npm.taobao.org/needle/download/needle-2.2.2.tgz",
          "bundled": true,
          "dependencies": {
            "debug": {
              "version": "http://registry.npm.taobao.org/debug/download/debug-2.6.9.tgz",
              "bundled": true,
              "dependencies": {
                "ms": {
                  "version": "http://registry.npm.taobao.org/ms/download/ms-2.0.0.tgz"
                }
              }
            },
            "iconv-lite": {
              "version": "http://registry.npm.taobao.org/iconv-lite/download/iconv-lite-0.4.23.tgz",
              "bundled": true
            },
            "sax": {
              "version": "http://registry.npm.taobao.org/sax/download/sax-1.2.4.tgz",
              "bundled": true
            }
          }
        },
        "nssocket": {
          "version": "http://registry.npm.taobao.org/nssocket/download/nssocket-0.6.0.tgz",
          "bundled": true,
          "dependencies": {
            "eventemitter2": {
              "version": "http://registry.npm.taobao.org/eventemitter2/download/eventemitter2-0.4.14.tgz"
            },
            "lazy": {
              "version": "http://registry.npm.taobao.org/lazy/download/lazy-1.0.11.tgz"
            }
          }
        },
        "pidusage": {
          "version": "http://registry.npm.taobao.org/pidusage/download/pidusage-2.0.13.tgz",
          "bundled": true
        },
        "pm2-axon": {
          "version": "http://registry.npm.taobao.org/pm2-axon/download/pm2-axon-3.3.0.tgz",
          "bundled": true,
          "dependencies": {
            "amp": {
              "version": "http://registry.npm.taobao.org/amp/download/amp-0.3.1.tgz"
            },
            "amp-message": {
              "version": "http://registry.npm.taobao.org/amp-message/download/amp-message-0.1.2.tgz"
            },
            "debug": {
              "version": "http://registry.npm.taobao.org/debug/download/debug-3.1.0.tgz",
              "dependencies": {
                "ms": {
                  "version": "http://registry.npm.taobao.org/ms/download/ms-2.0.0.tgz",
                  "bundled": true
                }
              }
            },
            "escape-regexp": {
              "version": "http://registry.npm.taobao.org/escape-regexp/download/escape-regexp-0.0.1.tgz"
            }
          }
        },
        "pm2-axon-rpc": {
          "version": "http://registry.npm.taobao.org/pm2-axon-rpc/download/pm2-axon-rpc-0.5.1.tgz",
          "bundled": true
        },
        "pm2-deploy": {
          "version": "http://registry.npm.taobao.org/pm2-deploy/download/pm2-deploy-0.3.10.tgz",
          "bundled": true
        },
        "pm2-multimeter": {
          "version": "http://registry.npm.taobao.org/pm2-multimeter/download/pm2-multimeter-0.1.2.tgz",
          "bundled": true
        },
        "promptly": {
          "version": "http://registry.npm.taobao.org/promptly/download/promptly-2.2.0.tgz",
          "bundled": true
        },
        "semver": {
          "version": "http://registry.npm.taobao.org/semver/download/semver-5.5.0.tgz",
          "bundled": true
        },
        "shelljs": {
          "version": "http://registry.npm.taobao.org/shelljs/download/shelljs-0.8.2.tgz",
          "bundled": true
        },
        "source-map-support": {
          "version": "http://registry.npm.taobao.org/source-map-support/download/source-map-support-0.5.8.tgz",
          "bundled": true
        },
        "sprintf-js": {
          "version": "http://registry.npm.taobao.org/sprintf-js/download/sprintf-js-1.1.1.tgz",
          "bundled": true
        },
        "v8-compile-cache": {
          "version": "http://registry.npm.taobao.org/v8-compile-cache/download/v8-compile-cache-2.0.2.tgz",
          "bundled": true
        },
        "vizion": {
          "version": "http://registry.npm.taobao.org/vizion/download/vizion-0.2.13.tgz",
          "bundled": true
        },
        "yamljs": {
          "version": "http://registry.npm.taobao.org/yamljs/download/yamljs-0.3.0.tgz",
          "bundled": true
        }
      }
    },
    "redis": {
      "version": "2.8.0",
      "resolved": "http://registry.npm.taobao.org/redis/download/redis-2.8.0.tgz",
      "dependencies": {
        "double-ended-queue": {
          "version": "http://registry.npm.taobao.org/double-ended-queue/download/double-ended-queue-2.1.0-0.tgz",
          "bundled": true
        },
        "redis-commands": {
          "version": "http://registry.npm.taobao.org/redis-commands/download/redis-commands-1.3.5.tgz",
          "bundled": true
        },
        "redis-parser": {
          "version": "http://registry.npm.taobao.org/redis-parser/download/redis-parser-2.6.0.tgz",
          "bundled": true
        }
      }
    },
    "request": {
      "version": "2.88.0",
      "resolved": "http://registry.npm.taobao.org/request/download/request-2.88.0.tgz",
      "dependencies": {
        "aws-sign2": {
          "version": "http://registry.npm.taobao.org/aws-sign2/download/aws-sign2-0.7.0.tgz",
          "bundled": true
        },
        "aws4": {
          "version": "http://registry.npm.taobao.org/aws4/download/aws4-1.8.0.tgz",
          "bundled": true
        },
        "caseless": {
          "version": "http://registry.npm.taobao.org/caseless/download/caseless-0.12.0.tgz",
          "bundled": true
        },
        "combined-stream": {
          "version": "http://registry.npm.taobao.org/combined-stream/download/combined-stream-1.0.6.tgz",
          "bundled": true
        },
        "extend": {
          "version": "http://registry.npm.taobao.org/extend/download/extend-3.0.2.tgz",
          "bundled": true
        },
        "forever-agent": {
          "version": "http://registry.npm.taobao.org/forever-agent/download/forever-agent-0.6.1.tgz",
          "bundled": true
        },
        "form-data": {
          "version": "http://registry.npm.taobao.org/form-data/download/form-data-2.3.2.tgz",
          "bundled": true,
          "dependencies": {
            "asynckit": {
              "version": "http://registry.npm.taobao.org/asynckit/download/asynckit-0.4.0.tgz"
            },
            "combined-stream": {
              "version": "http://registry.npm.taobao.org/combined-stream/download/combined-stream-1.0.6.tgz",
              "dependencies": {
                "delayed-stream": {
                  "version": "http://registry.npm.taobao.org/delayed-stream/download/delayed-stream-1.0.0.tgz"
                }
              }
            },
            "mime-types": {
              "version": "http://registry.npm.taobao.org/mime-types/download/mime-types-2.1.19.tgz",
              "dependencies": {
                "mime-db": {
                  "version": "http://registry.npm.taobao.org/mime-db/download/mime-db-1.35.0.tgz"
                }
              }
            }
          }
        },
        "har-validator": {
          "version": "http://registry.npm.taobao.org/har-validator/download/har-validator-5.1.0.tgz",
          "bundled": true,
          "dependencies": {
            "ajv": {
              "version": "http://registry.npm.taobao.org/ajv/download/ajv-5.5.2.tgz",
              "dependencies": {
                "co": {
                  "version": "http://registry.npm.taobao.org/co/download/co-4.6.0.tgz"
                },
                "fast-deep-equal": {
                  "version": "http://registry.npm.taobao.org/fast-deep-equal/download/fast-deep-equal-1.1.0.tgz"
                },
                "fast-json-stable-stringify": {
                  "version": "http://registry.npm.taobao.org/fast-json-stable-stringify/download/fast-json-stable-stringify-2.0.0.tgz"
                },
                "json-schema-traverse": {
                  "version": "http://registry.npm.taobao.org/json-schema-traverse/download/json-schema-traverse-0.3.1.tgz"
                }
              }
            },
            "har-schema": {
              "version": "http://registry.npm.taobao.org/har-schema/download/har-schema-2.0.0.tgz"
            }
          }
        },
        "http-signature": {
          "version": "http://registry.npm.taobao.org/http-signature/download/http-signature-1.2.0.tgz",
          "bundled": true
        },
        "is-typedarray": {
          "version": "http://registry.npm.taobao.org/is-typedarray/download/is-typedarray-1.0.0.tgz",
          "bundled": true
        },
        "isstream": {
          "version": "http://registry.npm.taobao.org/isstream/download/isstream-0.1.2.tgz",
          "bundled": true
        },
        "json-stringify-safe": {
          "version": "http://registry.npm.taobao.org/json-stringify-safe/download/json-stringify-safe-5.0.1.tgz",
          "bundled": true
        },
        "mime-types": {
          "version": "http://registry.npm.taobao.org/mime-types/download/mime-types-2.1.19.tgz",
          "bundled": true,
          "dependencies": {
            "mime-db": {
              "version": "http://registry.npm.taobao.org/mime-db/download/mime-db-1.35.0.tgz"
            }
          }
        },
        "oauth-sign": {
          "version": "http://registry.npm.taobao.org/oauth-sign/download/oauth-sign-0.9.0.tgz",
          "bundled": true
        },
        "performance-now": {
          "version": "http://registry.npm.taobao.org/performance-now/download/performance-now-2.1.0.tgz",
          "bundled": true
        },
        "qs": {
          "version": "http://registry.npm.taobao.org/qs/download/qs-6.5.2.tgz",
          "bundled": true
        },
        "safe-buffer": {
          "version": "http://registry.npm.taobao.org/safe-buffer/download/safe-buffer-5.1.2.tgz",
          "bundled": true
        },
        "tough-cookie": {
          "version": "http://registry.npm.taobao.org/tough-cookie/download/tough-cookie-2.4.3.tgz",
          "bundled": true
        },
        "tunnel-agent": {
          "version": "http://registry.npm.taobao.org/tunnel-agent/download/tunnel-agent-0.6.0.tgz",
          "bundled": true
        },
        "uuid": {
          "version": "http://registry.npm.taobao.org/uuid/download/uuid-3.3.2.tgz",
          "bundled": true
        }
      }
    },
    "uuid": {
      "version": "3.0.1",
      "resolved": "http://registry.npm.taobao.org/uuid/download/uuid-3.0.1.tgz",
      "integrity": "sha1-ZUS7ot/ajBzxfmKaOjBeK7H+5sE="
    }
  }
}
